// !$*UTF8*$!
{
	archiveVersion = 1;
	classes = {
	};
	objectVersion = 55;
	objects = {

/* Begin PBXBuildFile section */
		1A0AA3BD27EA781E00A45AD1 /* StartingViewController.swift in Sources */ = {isa = PBXBuildFile; fileRef = 1A0AA3BC27EA781E00A45AD1 /* StartingViewController.swift */; };
		1A0EFFA727CA433A004B544C /* PicsiteKit in Frameworks */ = {isa = PBXBuildFile; productRef = 1A0EFFA627CA433A004B544C /* PicsiteKit */; };
		1A0EFFAA27CA4479004B544C /* PicsiteUI in Frameworks */ = {isa = PBXBuildFile; productRef = 1A0EFFA927CA4479004B544C /* PicsiteUI */; };
		1A0EFFB427CA7B37004B544C /* TextStyler.swift in Sources */ = {isa = PBXBuildFile; fileRef = 1A0EFFB327CA7B37004B544C /* TextStyler.swift */; };
		1A0EFFB627CA7B8C004B544C /* UIFont+Extensions.swift in Sources */ = {isa = PBXBuildFile; fileRef = 1A0EFFB527CA7B8C004B544C /* UIFont+Extensions.swift */; };
		1A141CF027CD5A5A00AA8190 /* AuthenticationProvider.swift in Sources */ = {isa = PBXBuildFile; fileRef = 1A141CEF27CD5A5A00AA8190 /* AuthenticationProvider.swift */; };
		1A20451629167C960093663B /* RegisterViewControllerTests.swift in Sources */ = {isa = PBXBuildFile; fileRef = 1A20451529167C960093663B /* RegisterViewControllerTests.swift */; };
		1A204518291686870093663B /* ForgotPasswordViewControllerTests.swift in Sources */ = {isa = PBXBuildFile; fileRef = 1A204517291686870093663B /* ForgotPasswordViewControllerTests.swift */; };
		1A225D4227DFF2A800BED065 /* GoogleSignIn in Frameworks */ = {isa = PBXBuildFile; productRef = 1A225D4127DFF2A800BED065 /* GoogleSignIn */; };
		1A4B17DD27DCF4D200390B1D /* SF-Compact-Text-Bold.otf in Resources */ = {isa = PBXBuildFile; fileRef = 1A0EFFB827CA984A004B544C /* SF-Compact-Text-Bold.otf */; };
		1A4B17DE27DCF4D500390B1D /* SF-Compact-Text-Medium.otf in Resources */ = {isa = PBXBuildFile; fileRef = 1A0EFFBA27CA984A004B544C /* SF-Compact-Text-Medium.otf */; };
		1A4B17DF27DCF4D700390B1D /* SF-Compact-Text-Regular.otf in Resources */ = {isa = PBXBuildFile; fileRef = 1A0EFFB927CA984A004B544C /* SF-Compact-Text-Regular.otf */; };
		1A4CB8F92917C67B0000EC80 /* TabBarViewController.swift in Sources */ = {isa = PBXBuildFile; fileRef = 1A4CB8F82917C67B0000EC80 /* TabBarViewController.swift */; };
		1A66E4A827C94C7700177DEF /* HomeViewController.swift in Sources */ = {isa = PBXBuildFile; fileRef = 1A66E4A727C94C7700177DEF /* HomeViewController.swift */; };
		1A76D08F27DDEB80005EEA29 /* Localizable.strings in Resources */ = {isa = PBXBuildFile; fileRef = 1A76D09127DDEB80005EEA29 /* Localizable.strings */; };
		1A7AC43927B64ED3006B7DF6 /* AppState.swift in Sources */ = {isa = PBXBuildFile; fileRef = 1A7AC43827B64ED3006B7DF6 /* AppState.swift */; };
		1A7AC43B27B64FF6006B7DF6 /* World.swift in Sources */ = {isa = PBXBuildFile; fileRef = 1A7AC43A27B64FF6006B7DF6 /* World.swift */; };
		1A7AC43F27B65C2C006B7DF6 /* BSWFoundation in Frameworks */ = {isa = PBXBuildFile; productRef = 1A7AC43E27B65C2C006B7DF6 /* BSWFoundation */; };
		1A8525542913D2C5006C7DAA /* LoginViewControllerTests.swift in Sources */ = {isa = PBXBuildFile; fileRef = 1A8525532913D2C5006C7DAA /* LoginViewControllerTests.swift */; };
		1A8525572913D542006C7DAA /* MockProviders.swift in Sources */ = {isa = PBXBuildFile; fileRef = 1A8525562913D542006C7DAA /* MockProviders.swift */; };
		1A943A5627540A92008D7150 /* UIColor.swift in Sources */ = {isa = PBXBuildFile; fileRef = 1A943A5527540A92008D7150 /* UIColor.swift */; };
		1AADE10C27E5F5BB0014A884 /* ErrorView.swift in Sources */ = {isa = PBXBuildFile; fileRef = 1AADE10B27E5F5BB0014A884 /* ErrorView.swift */; };
		1AC8543728218A9E00948232 /* PicsiteAuthenticationKit.swift in Sources */ = {isa = PBXBuildFile; fileRef = 1AC8543628218A9E00948232 /* PicsiteAuthenticationKit.swift */; };
		1AC8543A28218E1900948232 /* SocialNetworkManeger.swift in Sources */ = {isa = PBXBuildFile; fileRef = 1AC8543928218E1900948232 /* SocialNetworkManeger.swift */; };
		1AD0EC0628244A5900DE489A /* StartingBottomButtonViewController.swift in Sources */ = {isa = PBXBuildFile; fileRef = 1AD0EC0528244A5900DE489A /* StartingBottomButtonViewController.swift */; };
		1ADAF7C327517C8800D8D480 /* AppDelegate.swift in Sources */ = {isa = PBXBuildFile; fileRef = 1ADAF7C227517C8800D8D480 /* AppDelegate.swift */; };
		1ADAF7C527517C8800D8D480 /* SceneDelegate.swift in Sources */ = {isa = PBXBuildFile; fileRef = 1ADAF7C427517C8800D8D480 /* SceneDelegate.swift */; };
		1ADAF7CC27517C8800D8D480 /* Assets.xcassets in Resources */ = {isa = PBXBuildFile; fileRef = 1ADAF7CB27517C8800D8D480 /* Assets.xcassets */; };
		1ADAF7CF27517C8800D8D480 /* LaunchScreen.storyboard in Resources */ = {isa = PBXBuildFile; fileRef = 1ADAF7CD27517C8800D8D480 /* LaunchScreen.storyboard */; };
		1ADAF7F327517E9600D8D480 /* GoogleService-Info.plist in Resources */ = {isa = PBXBuildFile; fileRef = 1ADAF7F227517E9600D8D480 /* GoogleService-Info.plist */; };
		1ADAF7F627517F7100D8D480 /* FirebaseAnalyticsSwift-Beta in Frameworks */ = {isa = PBXBuildFile; productRef = 1ADAF7F527517F7100D8D480 /* FirebaseAnalyticsSwift-Beta */; };
		1ADAF7F827517F7100D8D480 /* FirebaseAuth in Frameworks */ = {isa = PBXBuildFile; productRef = 1ADAF7F727517F7100D8D480 /* FirebaseAuth */; };
		1ADAF7FA27517F7100D8D480 /* FirebaseDatabaseSwift-Beta in Frameworks */ = {isa = PBXBuildFile; productRef = 1ADAF7F927517F7100D8D480 /* FirebaseDatabaseSwift-Beta */; };
		1ADAF7FC27517F7100D8D480 /* FirebaseFirestoreSwift-Beta in Frameworks */ = {isa = PBXBuildFile; productRef = 1ADAF7FB27517F7100D8D480 /* FirebaseFirestoreSwift-Beta */; };
		1ADAF7FE27517F7100D8D480 /* FirebaseStorageSwift-Beta in Frameworks */ = {isa = PBXBuildFile; productRef = 1ADAF7FD27517F7100D8D480 /* FirebaseStorageSwift-Beta */; };
		1ADAF80127517FF100D8D480 /* BSWInterfaceKit in Frameworks */ = {isa = PBXBuildFile; productRef = 1ADAF80027517FF100D8D480 /* BSWInterfaceKit */; };
		1AE1590E28009B7400F086B3 /* BSWInterfaceKit in Frameworks */ = {isa = PBXBuildFile; productRef = 1AE1590D28009B7400F086B3 /* BSWInterfaceKit */; };
		1AE1591228009B8B00F086B3 /* BSWFoundation in Frameworks */ = {isa = PBXBuildFile; productRef = 1AE1591128009B8B00F086B3 /* BSWFoundation */; };
		1AE1591928009C8600F086B3 /* BSWSnapshotTests.swift in Sources */ = {isa = PBXBuildFile; fileRef = 1AE1591728009C8200F086B3 /* BSWSnapshotTests.swift */; };
		1AE1591B28009CEC00F086B3 /* StartingViewControllerTests.swift in Sources */ = {isa = PBXBuildFile; fileRef = 1AE1591A28009CEC00F086B3 /* StartingViewControllerTests.swift */; };
		1AE1592028009DF600F086B3 /* SnapshotTesting in Frameworks */ = {isa = PBXBuildFile; productRef = 1AE1591F28009DF600F086B3 /* SnapshotTesting */; };
		1AE7434F27DB3083007944C6 /* Configuration.swift in Sources */ = {isa = PBXBuildFile; fileRef = 1AE7434E27DB3083007944C6 /* Configuration.swift */; };
		1AE7B3FC290DC2A30021AFE1 /* PicsiteAuthKit in Frameworks */ = {isa = PBXBuildFile; productRef = 1AE7B3FB290DC2A30021AFE1 /* PicsiteAuthKit */; };
/* End PBXBuildFile section */

/* Begin PBXContainerItemProxy section */
		1AE1590628009A1B00F086B3 /* PBXContainerItemProxy */ = {
			isa = PBXContainerItemProxy;
			containerPortal = 1ADAF7B727517C8800D8D480 /* Project object */;
			proxyType = 1;
			remoteGlobalIDString = 1ADAF7BE27517C8800D8D480;
			remoteInfo = Picsite;
		};
/* End PBXContainerItemProxy section */

/* Begin PBXCopyFilesBuildPhase section */
		1A0EFFBF27CA9D15004B544C /* Embed Frameworks */ = {
			isa = PBXCopyFilesBuildPhase;
			buildActionMask = 2147483647;
			dstPath = "";
			dstSubfolderSpec = 10;
			files = (
			);
			name = "Embed Frameworks";
			runOnlyForDeploymentPostprocessing = 0;
		};
		1AE1590F28009B7400F086B3 /* Embed Frameworks */ = {
			isa = PBXCopyFilesBuildPhase;
			buildActionMask = 2147483647;
			dstPath = "";
			dstSubfolderSpec = 10;
			files = (
			);
			name = "Embed Frameworks";
			runOnlyForDeploymentPostprocessing = 0;
		};
/* End PBXCopyFilesBuildPhase section */

/* Begin PBXFileReference section */
		1A0AA3BC27EA781E00A45AD1 /* StartingViewController.swift */ = {isa = PBXFileReference; lastKnownFileType = sourcecode.swift; path = StartingViewController.swift; sourceTree = "<group>"; };
		1A0EFFA827CA4472004B544C /* PicsiteUI */ = {isa = PBXFileReference; lastKnownFileType = wrapper; path = PicsiteUI; sourceTree = "<group>"; };
		1A0EFFAB27CA480C004B544C /* Foundation.framework */ = {isa = PBXFileReference; lastKnownFileType = wrapper.framework; name = Foundation.framework; path = System/Library/Frameworks/Foundation.framework; sourceTree = SDKROOT; };
		1A0EFFB327CA7B37004B544C /* TextStyler.swift */ = {isa = PBXFileReference; lastKnownFileType = sourcecode.swift; path = TextStyler.swift; sourceTree = "<group>"; };
		1A0EFFB527CA7B8C004B544C /* UIFont+Extensions.swift */ = {isa = PBXFileReference; lastKnownFileType = sourcecode.swift; path = "UIFont+Extensions.swift"; sourceTree = "<group>"; };
		1A0EFFB827CA984A004B544C /* SF-Compact-Text-Bold.otf */ = {isa = PBXFileReference; lastKnownFileType = file; path = "SF-Compact-Text-Bold.otf"; sourceTree = "<group>"; };
		1A0EFFB927CA984A004B544C /* SF-Compact-Text-Regular.otf */ = {isa = PBXFileReference; lastKnownFileType = file; path = "SF-Compact-Text-Regular.otf"; sourceTree = "<group>"; };
		1A0EFFBA27CA984A004B544C /* SF-Compact-Text-Medium.otf */ = {isa = PBXFileReference; lastKnownFileType = file; path = "SF-Compact-Text-Medium.otf"; sourceTree = "<group>"; };
		1A141CEF27CD5A5A00AA8190 /* AuthenticationProvider.swift */ = {isa = PBXFileReference; lastKnownFileType = sourcecode.swift; path = AuthenticationProvider.swift; sourceTree = "<group>"; };
		1A20451529167C960093663B /* RegisterViewControllerTests.swift */ = {isa = PBXFileReference; lastKnownFileType = sourcecode.swift; path = RegisterViewControllerTests.swift; sourceTree = "<group>"; };
		1A204517291686870093663B /* ForgotPasswordViewControllerTests.swift */ = {isa = PBXFileReference; lastKnownFileType = sourcecode.swift; path = ForgotPasswordViewControllerTests.swift; sourceTree = "<group>"; };
		1A4CB8F82917C67B0000EC80 /* TabBarViewController.swift */ = {isa = PBXFileReference; lastKnownFileType = sourcecode.swift; path = TabBarViewController.swift; sourceTree = "<group>"; };
		1A66E4A727C94C7700177DEF /* HomeViewController.swift */ = {isa = PBXFileReference; lastKnownFileType = sourcecode.swift; path = HomeViewController.swift; sourceTree = "<group>"; };
		1A677D8027DBE42800BF3385 /* GoogleService-Info.plist */ = {isa = PBXFileReference; lastKnownFileType = text.plist.xml; path = "GoogleService-Info.plist"; sourceTree = "<group>"; };
		1A76D09027DDEB80005EEA29 /* en */ = {isa = PBXFileReference; lastKnownFileType = text.plist.strings; name = en; path = en.lproj/Localizable.strings; sourceTree = "<group>"; };
		1A7AC43827B64ED3006B7DF6 /* AppState.swift */ = {isa = PBXFileReference; fileEncoding = 4; lastKnownFileType = sourcecode.swift; path = AppState.swift; sourceTree = "<group>"; };
		1A7AC43A27B64FF6006B7DF6 /* World.swift */ = {isa = PBXFileReference; fileEncoding = 4; lastKnownFileType = sourcecode.swift; path = World.swift; sourceTree = "<group>"; };
		1A8525532913D2C5006C7DAA /* LoginViewControllerTests.swift */ = {isa = PBXFileReference; lastKnownFileType = sourcecode.swift; path = LoginViewControllerTests.swift; sourceTree = "<group>"; };
		1A8525562913D542006C7DAA /* MockProviders.swift */ = {isa = PBXFileReference; lastKnownFileType = sourcecode.swift; path = MockProviders.swift; sourceTree = "<group>"; };
		1A8C9A722801734800EF4B06 /* es */ = {isa = PBXFileReference; lastKnownFileType = text.plist.strings; name = es; path = es.lproj/LaunchScreen.strings; sourceTree = "<group>"; };
		1A8C9A732801734800EF4B06 /* es */ = {isa = PBXFileReference; lastKnownFileType = text.plist.strings; name = es; path = es.lproj/Localizable.strings; sourceTree = "<group>"; };
		1A9296F927C40AC200037BA4 /* PicsiteKit */ = {isa = PBXFileReference; lastKnownFileType = wrapper; path = PicsiteKit; sourceTree = "<group>"; };
		1A943A5527540A92008D7150 /* UIColor.swift */ = {isa = PBXFileReference; lastKnownFileType = sourcecode.swift; path = UIColor.swift; sourceTree = "<group>"; };
		1AADE10B27E5F5BB0014A884 /* ErrorView.swift */ = {isa = PBXFileReference; lastKnownFileType = sourcecode.swift; path = ErrorView.swift; sourceTree = "<group>"; };
		1AC8543628218A9E00948232 /* PicsiteAuthenticationKit.swift */ = {isa = PBXFileReference; lastKnownFileType = sourcecode.swift; path = PicsiteAuthenticationKit.swift; sourceTree = "<group>"; };
		1AC8543928218E1900948232 /* SocialNetworkManeger.swift */ = {isa = PBXFileReference; lastKnownFileType = sourcecode.swift; path = SocialNetworkManeger.swift; sourceTree = "<group>"; };
		1AD0EC0528244A5900DE489A /* StartingBottomButtonViewController.swift */ = {isa = PBXFileReference; fileEncoding = 4; lastKnownFileType = sourcecode.swift; path = StartingBottomButtonViewController.swift; sourceTree = "<group>"; };
		1ADAF7BF27517C8800D8D480 /* Picsite.app */ = {isa = PBXFileReference; explicitFileType = wrapper.application; includeInIndex = 0; path = Picsite.app; sourceTree = BUILT_PRODUCTS_DIR; };
		1ADAF7C227517C8800D8D480 /* AppDelegate.swift */ = {isa = PBXFileReference; lastKnownFileType = sourcecode.swift; path = AppDelegate.swift; sourceTree = "<group>"; };
		1ADAF7C427517C8800D8D480 /* SceneDelegate.swift */ = {isa = PBXFileReference; lastKnownFileType = sourcecode.swift; path = SceneDelegate.swift; sourceTree = "<group>"; };
		1ADAF7CB27517C8800D8D480 /* Assets.xcassets */ = {isa = PBXFileReference; lastKnownFileType = folder.assetcatalog; path = Assets.xcassets; sourceTree = "<group>"; };
		1ADAF7CE27517C8800D8D480 /* Base */ = {isa = PBXFileReference; lastKnownFileType = file.storyboard; name = Base; path = Base.lproj/LaunchScreen.storyboard; sourceTree = "<group>"; };
		1ADAF7D027517C8800D8D480 /* Info.plist */ = {isa = PBXFileReference; lastKnownFileType = text.plist.xml; path = Info.plist; sourceTree = "<group>"; };
		1ADAF7F227517E9600D8D480 /* GoogleService-Info.plist */ = {isa = PBXFileReference; fileEncoding = 4; lastKnownFileType = text.plist.xml; path = "GoogleService-Info.plist"; sourceTree = "<group>"; };
		1AE0A1C2281AF74500100A82 /* AppTests.xctestplan */ = {isa = PBXFileReference; lastKnownFileType = text; path = AppTests.xctestplan; sourceTree = "<group>"; };
		1AE0A1C3281BCF9400100A82 /* Generate_Snapshot_AppTests.xctestplan */ = {isa = PBXFileReference; lastKnownFileType = text; path = Generate_Snapshot_AppTests.xctestplan; sourceTree = "<group>"; };
		1AE1590228009A1B00F086B3 /* Tests.xctest */ = {isa = PBXFileReference; explicitFileType = wrapper.cfbundle; includeInIndex = 0; path = Tests.xctest; sourceTree = BUILT_PRODUCTS_DIR; };
		1AE1591728009C8200F086B3 /* BSWSnapshotTests.swift */ = {isa = PBXFileReference; lastKnownFileType = sourcecode.swift; path = BSWSnapshotTests.swift; sourceTree = "<group>"; };
		1AE1591A28009CEC00F086B3 /* StartingViewControllerTests.swift */ = {isa = PBXFileReference; lastKnownFileType = sourcecode.swift; path = StartingViewControllerTests.swift; sourceTree = "<group>"; };
		1AE7434C27DA7383007944C6 /* Develop.xcconfig */ = {isa = PBXFileReference; lastKnownFileType = text.xcconfig; path = Develop.xcconfig; sourceTree = "<group>"; };
		1AE7434D27DA73B3007944C6 /* AppStore.xcconfig */ = {isa = PBXFileReference; lastKnownFileType = text.xcconfig; path = AppStore.xcconfig; sourceTree = "<group>"; };
		1AE7434E27DB3083007944C6 /* Configuration.swift */ = {isa = PBXFileReference; lastKnownFileType = sourcecode.swift; path = Configuration.swift; sourceTree = "<group>"; };
		1AE7B3F6290DB3B40021AFE1 /* PicsiteFeatureKit */ = {isa = PBXFileReference; lastKnownFileType = wrapper; path = PicsiteFeatureKit; sourceTree = "<group>"; };
/* End PBXFileReference section */

/* Begin PBXFrameworksBuildPhase section */
		1ADAF7BC27517C8800D8D480 /* Frameworks */ = {
			isa = PBXFrameworksBuildPhase;
			buildActionMask = 2147483647;
			files = (
				1ADAF80127517FF100D8D480 /* BSWInterfaceKit in Frameworks */,
				1A7AC43F27B65C2C006B7DF6 /* BSWFoundation in Frameworks */,
				1ADAF7FE27517F7100D8D480 /* FirebaseStorageSwift-Beta in Frameworks */,
				1A0EFFAA27CA4479004B544C /* PicsiteUI in Frameworks */,
				1A0EFFA727CA433A004B544C /* PicsiteKit in Frameworks */,
				1AE7B3FC290DC2A30021AFE1 /* PicsiteAuthKit in Frameworks */,
				1A225D4227DFF2A800BED065 /* GoogleSignIn in Frameworks */,
				1ADAF7FA27517F7100D8D480 /* FirebaseDatabaseSwift-Beta in Frameworks */,
				1ADAF7FC27517F7100D8D480 /* FirebaseFirestoreSwift-Beta in Frameworks */,
				1ADAF7F627517F7100D8D480 /* FirebaseAnalyticsSwift-Beta in Frameworks */,
				1ADAF7F827517F7100D8D480 /* FirebaseAuth in Frameworks */,
			);
			runOnlyForDeploymentPostprocessing = 0;
		};
		1AE158FF28009A1B00F086B3 /* Frameworks */ = {
			isa = PBXFrameworksBuildPhase;
			buildActionMask = 2147483647;
			files = (
				1AE1592028009DF600F086B3 /* SnapshotTesting in Frameworks */,
				1AE1591228009B8B00F086B3 /* BSWFoundation in Frameworks */,
				1AE1590E28009B7400F086B3 /* BSWInterfaceKit in Frameworks */,
			);
			runOnlyForDeploymentPostprocessing = 0;
		};
/* End PBXFrameworksBuildPhase section */

/* Begin PBXGroup section */
		1A0EFFB727CA9825004B544C /* Fonts */ = {
			isa = PBXGroup;
			children = (
				1A0EFFB827CA984A004B544C /* SF-Compact-Text-Bold.otf */,
				1A0EFFBA27CA984A004B544C /* SF-Compact-Text-Medium.otf */,
				1A0EFFB927CA984A004B544C /* SF-Compact-Text-Regular.otf */,
			);
			path = Fonts;
			sourceTree = "<group>";
		};
		1A141CEE27CD5A3800AA8190 /* Providers */ = {
			isa = PBXGroup;
			children = (
				1A141CEF27CD5A5A00AA8190 /* AuthenticationProvider.swift */,
			);
			path = Providers;
			sourceTree = "<group>";
		};
		1A32012327FE049D0094FF84 /* Start */ = {
			isa = PBXGroup;
			children = (
				1A32012427FE04A40094FF84 /* ChildVC */,
				1A0AA3BC27EA781E00A45AD1 /* StartingViewController.swift */,
			);
			path = Start;
			sourceTree = "<group>";
		};
		1A32012427FE04A40094FF84 /* ChildVC */ = {
			isa = PBXGroup;
			children = (
				1AD0EC0528244A5900DE489A /* StartingBottomButtonViewController.swift */,
			);
			path = ChildVC;
			sourceTree = "<group>";
		};
		1A66E4A927C94C8500177DEF /* Home */ = {
			isa = PBXGroup;
			children = (
				1A66E4A727C94C7700177DEF /* HomeViewController.swift */,
			);
			path = Home;
			sourceTree = "<group>";
		};
		1A677D7E27DBE40F00BF3385 /* AppStore */ = {
			isa = PBXGroup;
			children = (
				1ADAF7F227517E9600D8D480 /* GoogleService-Info.plist */,
				1AE7434D27DA73B3007944C6 /* AppStore.xcconfig */,
			);
			path = AppStore;
			sourceTree = "<group>";
		};
		1A677D7F27DBE41500BF3385 /* Develop */ = {
			isa = PBXGroup;
			children = (
				1A677D8027DBE42800BF3385 /* GoogleService-Info.plist */,
				1AE7434C27DA7383007944C6 /* Develop.xcconfig */,
			);
			path = Develop;
			sourceTree = "<group>";
		};
		1A8525552913D534006C7DAA /* MockProviders */ = {
			isa = PBXGroup;
			children = (
				1A8525562913D542006C7DAA /* MockProviders.swift */,
			);
			path = MockProviders;
			sourceTree = "<group>";
		};
		1A9296FA27C40EA600037BA4 /* Frameworks */ = {
			isa = PBXGroup;
			children = (
				1A0EFFAB27CA480C004B544C /* Foundation.framework */,
			);
			name = Frameworks;
			sourceTree = "<group>";
		};
		1AA679F7275402BB00799CE1 /* Extensions */ = {
			isa = PBXGroup;
			children = (
				1A943A5527540A92008D7150 /* UIColor.swift */,
				1A0EFFB327CA7B37004B544C /* TextStyler.swift */,
				1A0EFFB527CA7B8C004B544C /* UIFont+Extensions.swift */,
				1AADE10B27E5F5BB0014A884 /* ErrorView.swift */,
			);
			path = Extensions;
			sourceTree = "<group>";
		};
		1AC8543828218E0200948232 /* ThirdParty */ = {
			isa = PBXGroup;
			children = (
				1AC8543928218E1900948232 /* SocialNetworkManeger.swift */,
			);
			path = ThirdParty;
			sourceTree = "<group>";
		};
		1ADAF7B627517C8800D8D480 = {
			isa = PBXGroup;
			children = (
				1AE7B3F6290DB3B40021AFE1 /* PicsiteFeatureKit */,
				1A0EFFA827CA4472004B544C /* PicsiteUI */,
				1A9296F927C40AC200037BA4 /* PicsiteKit */,
				1ADAF7C127517C8800D8D480 /* Picsite */,
				1AE1590328009A1B00F086B3 /* TestPlans */,
				1ADAF7C027517C8800D8D480 /* Products */,
				1A9296FA27C40EA600037BA4 /* Frameworks */,
			);
			sourceTree = "<group>";
		};
		1ADAF7C027517C8800D8D480 /* Products */ = {
			isa = PBXGroup;
			children = (
				1ADAF7BF27517C8800D8D480 /* Picsite.app */,
				1AE1590228009A1B00F086B3 /* Tests.xctest */,
			);
			name = Products;
			sourceTree = "<group>";
		};
		1ADAF7C127517C8800D8D480 /* Picsite */ = {
			isa = PBXGroup;
			children = (
				1ADAF7C227517C8800D8D480 /* AppDelegate.swift */,
				1A7AC43827B64ED3006B7DF6 /* AppState.swift */,
				1ADAF7C427517C8800D8D480 /* SceneDelegate.swift */,
				1A7AC43A27B64FF6006B7DF6 /* World.swift */,
				1ADAF7D027517C8800D8D480 /* Info.plist */,
				1A141CEE27CD5A3800AA8190 /* Providers */,
				1AC8543828218E0200948232 /* ThirdParty */,
				1ADAF80627518E1000D8D480 /* Assets */,
				1AA679F7275402BB00799CE1 /* Extensions */,
				1AF1217D290C30D200792365 /* PicsiteFeatureKit */,
				1ADAF80527518DEA00D8D480 /* Configuration */,
				1ADAF80427518DCF00D8D480 /* Views */,
				1ADAF80327518DBF00D8D480 /* ViewControllers */,
			);
			path = Picsite;
			sourceTree = "<group>";
		};
		1ADAF80327518DBF00D8D480 /* ViewControllers */ = {
			isa = PBXGroup;
			children = (
				1A4CB8F82917C67B0000EC80 /* TabBarViewController.swift */,
				1A32012327FE049D0094FF84 /* Start */,
				1A66E4A927C94C8500177DEF /* Home */,
			);
			path = ViewControllers;
			sourceTree = "<group>";
		};
		1ADAF80427518DCF00D8D480 /* Views */ = {
			isa = PBXGroup;
			children = (
			);
			path = Views;
			sourceTree = "<group>";
		};
		1ADAF80527518DEA00D8D480 /* Configuration */ = {
			isa = PBXGroup;
			children = (
				1A677D7F27DBE41500BF3385 /* Develop */,
				1A677D7E27DBE40F00BF3385 /* AppStore */,
				1AE7434E27DB3083007944C6 /* Configuration.swift */,
			);
			path = Configuration;
			sourceTree = "<group>";
		};
		1ADAF80627518E1000D8D480 /* Assets */ = {
			isa = PBXGroup;
			children = (
				1A0EFFB727CA9825004B544C /* Fonts */,
				1ADAF7CB27517C8800D8D480 /* Assets.xcassets */,
				1ADAF7CD27517C8800D8D480 /* LaunchScreen.storyboard */,
				1A76D09127DDEB80005EEA29 /* Localizable.strings */,
			);
			path = Assets;
			sourceTree = "<group>";
		};
		1AE1590328009A1B00F086B3 /* TestPlans */ = {
			isa = PBXGroup;
			children = (
				1AE1591628009C5600F086B3 /* Tests */,
				1AE0A1C2281AF74500100A82 /* AppTests.xctestplan */,
				1AE0A1C3281BCF9400100A82 /* Generate_Snapshot_AppTests.xctestplan */,
			);
			path = TestPlans;
			sourceTree = "<group>";
		};
		1AE1591528009C0200F086B3 /* Suite */ = {
			isa = PBXGroup;
			children = (
				1AE1591A28009CEC00F086B3 /* StartingViewControllerTests.swift */,
				1A8525532913D2C5006C7DAA /* LoginViewControllerTests.swift */,
				1A20451529167C960093663B /* RegisterViewControllerTests.swift */,
				1A204517291686870093663B /* ForgotPasswordViewControllerTests.swift */,
			);
			path = Suite;
			sourceTree = "<group>";
		};
		1AE1591628009C5600F086B3 /* Tests */ = {
			isa = PBXGroup;
			children = (
				1AE1591728009C8200F086B3 /* BSWSnapshotTests.swift */,
				1AE1591528009C0200F086B3 /* Suite */,
				1A8525552913D534006C7DAA /* MockProviders */,
			);
			path = Tests;
			sourceTree = "<group>";
		};
		1AF1217D290C30D200792365 /* PicsiteFeatureKit */ = {
			isa = PBXGroup;
			children = (
				1AC8543628218A9E00948232 /* PicsiteAuthenticationKit.swift */,
			);
			path = PicsiteFeatureKit;
			sourceTree = "<group>";
		};
/* End PBXGroup section */

/* Begin PBXNativeTarget section */
		1ADAF7BE27517C8800D8D480 /* Picsite */ = {
			isa = PBXNativeTarget;
			buildConfigurationList = 1ADAF7E927517C8900D8D480 /* Build configuration list for PBXNativeTarget "Picsite" */;
			buildPhases = (
				1ADAF7BB27517C8800D8D480 /* Sources */,
				1ADAF7BC27517C8800D8D480 /* Frameworks */,
				1ADAF7BD27517C8800D8D480 /* Resources */,
				1A0EFFBF27CA9D15004B544C /* Embed Frameworks */,
				1A677D7D27DBE3DB00BF3385 /* Setup Firebase Environment GoogleService-Info.plist */,
			);
			buildRules = (
			);
			dependencies = (
			);
			name = Picsite;
			packageProductDependencies = (
				1ADAF7F527517F7100D8D480 /* FirebaseAnalyticsSwift-Beta */,
				1ADAF7F727517F7100D8D480 /* FirebaseAuth */,
				1ADAF7F927517F7100D8D480 /* FirebaseDatabaseSwift-Beta */,
				1ADAF7FB27517F7100D8D480 /* FirebaseFirestoreSwift-Beta */,
				1ADAF7FD27517F7100D8D480 /* FirebaseStorageSwift-Beta */,
				1ADAF80027517FF100D8D480 /* BSWInterfaceKit */,
				1A7AC43E27B65C2C006B7DF6 /* BSWFoundation */,
				1A0EFFA627CA433A004B544C /* PicsiteKit */,
				1A0EFFA927CA4479004B544C /* PicsiteUI */,
				1A225D4127DFF2A800BED065 /* GoogleSignIn */,
				1AE7B3FB290DC2A30021AFE1 /* PicsiteAuthKit */,
			);
			productName = Picsite;
			productReference = 1ADAF7BF27517C8800D8D480 /* Picsite.app */;
			productType = "com.apple.product-type.application";
		};
		1AE1590128009A1B00F086B3 /* Tests */ = {
			isa = PBXNativeTarget;
			buildConfigurationList = 1AE1590828009A1B00F086B3 /* Build configuration list for PBXNativeTarget "Tests" */;
			buildPhases = (
				1AE158FE28009A1B00F086B3 /* Sources */,
				1AE158FF28009A1B00F086B3 /* Frameworks */,
				1AE1590028009A1B00F086B3 /* Resources */,
				1AE1590F28009B7400F086B3 /* Embed Frameworks */,
			);
			buildRules = (
			);
			dependencies = (
				1AE1590728009A1B00F086B3 /* PBXTargetDependency */,
			);
			name = Tests;
			packageProductDependencies = (
				1AE1590D28009B7400F086B3 /* BSWInterfaceKit */,
				1AE1591128009B8B00F086B3 /* BSWFoundation */,
				1AE1591F28009DF600F086B3 /* SnapshotTesting */,
			);
			productName = Tests;
			productReference = 1AE1590228009A1B00F086B3 /* Tests.xctest */;
			productType = "com.apple.product-type.bundle.unit-test";
		};
/* End PBXNativeTarget section */

/* Begin PBXProject section */
		1ADAF7B727517C8800D8D480 /* Project object */ = {
			isa = PBXProject;
			attributes = {
				BuildIndependentTargetsInParallel = 1;
				LastSwiftUpdateCheck = 1330;
				LastUpgradeCheck = 1330;
				TargetAttributes = {
					1ADAF7BE27517C8800D8D480 = {
						CreatedOnToolsVersion = 13.1;
					};
					1AE1590128009A1B00F086B3 = {
						CreatedOnToolsVersion = 13.3;
						TestTargetID = 1ADAF7BE27517C8800D8D480;
					};
				};
			};
			buildConfigurationList = 1ADAF7BA27517C8800D8D480 /* Build configuration list for PBXProject "Picsite" */;
			compatibilityVersion = "Xcode 13.0";
			developmentRegion = en;
			hasScannedForEncodings = 0;
			knownRegions = (
				en,
				Base,
				es,
			);
			mainGroup = 1ADAF7B627517C8800D8D480;
			packageReferences = (
				1ADAF7F427517F7100D8D480 /* XCRemoteSwiftPackageReference "firebase-ios-sdk" */,
				1ADAF7FF27517FF100D8D480 /* XCRemoteSwiftPackageReference "BSWInterfaceKit" */,
				1A7AC43D27B65C2C006B7DF6 /* XCRemoteSwiftPackageReference "BSWFoundation" */,
				1A225D4027DFF2A700BED065 /* XCRemoteSwiftPackageReference "GoogleSignIn-iOS" */,
				1AE1591E28009DF600F086B3 /* XCRemoteSwiftPackageReference "swift-snapshot-testing" */,
			);
			productRefGroup = 1ADAF7C027517C8800D8D480 /* Products */;
			projectDirPath = "";
			projectRoot = "";
			targets = (
				1ADAF7BE27517C8800D8D480 /* Picsite */,
				1AE1590128009A1B00F086B3 /* Tests */,
			);
		};
/* End PBXProject section */

/* Begin PBXResourcesBuildPhase section */
		1ADAF7BD27517C8800D8D480 /* Resources */ = {
			isa = PBXResourcesBuildPhase;
			buildActionMask = 2147483647;
			files = (
				1A4B17DD27DCF4D200390B1D /* SF-Compact-Text-Bold.otf in Resources */,
				1ADAF7CF27517C8800D8D480 /* LaunchScreen.storyboard in Resources */,
				1ADAF7CC27517C8800D8D480 /* Assets.xcassets in Resources */,
				1A76D08F27DDEB80005EEA29 /* Localizable.strings in Resources */,
				1A4B17DE27DCF4D500390B1D /* SF-Compact-Text-Medium.otf in Resources */,
				1A4B17DF27DCF4D700390B1D /* SF-Compact-Text-Regular.otf in Resources */,
				1ADAF7F327517E9600D8D480 /* GoogleService-Info.plist in Resources */,
			);
			runOnlyForDeploymentPostprocessing = 0;
		};
		1AE1590028009A1B00F086B3 /* Resources */ = {
			isa = PBXResourcesBuildPhase;
			buildActionMask = 2147483647;
			files = (
			);
			runOnlyForDeploymentPostprocessing = 0;
		};
/* End PBXResourcesBuildPhase section */

/* Begin PBXShellScriptBuildPhase section */
		1A677D7D27DBE3DB00BF3385 /* Setup Firebase Environment GoogleService-Info.plist */ = {
			isa = PBXShellScriptBuildPhase;
			alwaysOutOfDate = 1;
			buildActionMask = 12;
			files = (
			);
			inputFileListPaths = (
			);
			inputPaths = (
			);
			name = "Setup Firebase Environment GoogleService-Info.plist";
			outputFileListPaths = (
			);
			outputPaths = (
			);
			runOnlyForDeploymentPostprocessing = 0;
			shellPath = /bin/sh;
			shellScript = "# Name of the resource to copy\nINFO_PLIST_FILE=GoogleService-Info.plist\n\n# Get references to debug and release versions of the plist file\nDEBUG_INFO_PLIST_FILE=${PROJECT_DIR}/${TARGET_NAME}/Configuration/Develop/${INFO_PLIST_FILE}\nRELEASE_INFO_PLIST_FILE=${PROJECT_DIR}/${TARGET_NAME}/Configuration/AppStore/${INFO_PLIST_FILE}\n\n# Make sure the debug version exists\necho \"Looking for ${INFO_PLIST_FILE} in ${DEBUG_INFO_PLIST_FILE}\"\nif [ ! -f $DEBUG_INFO_PLIST_FILE ] ; then\n    echo \"File GoogleService-Info.plist (debug) not found.\"\n    exit 1\nfi\n\n# Make sure the release version exists\necho \"Looking for ${INFO_PLIST_FILE} in ${RELEASE_INFO_PLIST_FILE}\"\nif [ ! -f $RELEASE_INFO_PLIST_FILE ] ; then\n    echo \"File GoogleService-Info.plist (release) not found.\"\n    exit 1\nfi\n\n# Get a reference to the destination location for the plist file\nPLIST_DESTINATION=${BUILT_PRODUCTS_DIR}/${PRODUCT_NAME}.app\necho \"Copying ${INFO_PLIST_FILE} to final destination: ${PLIST_DESTINATION}\"\n\n# Copy the appropiate file to app bundle\necho \"${CONFIGURATION}\"\nif [ \"${CONFIGURATION}\" == \"Debug\" ] ; then\n    echo \"File ${DEBUG_INFO_PLIST_FILE} copied\"\n    cp \"${DEBUG_INFO_PLIST_FILE}\" \"${PLIST_DESTINATION}\"\nelse\n    echo \"File ${RELEASE_INFO_PLIST_FILE} copied\"\n    cp \"${RELEASE_INFO_PLIST_FILE}\" \"${PLIST_DESTINATION}\"\nfi\n";
		};
/* End PBXShellScriptBuildPhase section */

/* Begin PBXSourcesBuildPhase section */
		1ADAF7BB27517C8800D8D480 /* Sources */ = {
			isa = PBXSourcesBuildPhase;
			buildActionMask = 2147483647;
			files = (
				1A4CB8F92917C67B0000EC80 /* TabBarViewController.swift in Sources */,
				1AE7434F27DB3083007944C6 /* Configuration.swift in Sources */,
				1A943A5627540A92008D7150 /* UIColor.swift in Sources */,
				1A141CF027CD5A5A00AA8190 /* AuthenticationProvider.swift in Sources */,
				1A0AA3BD27EA781E00A45AD1 /* StartingViewController.swift in Sources */,
				1A7AC43927B64ED3006B7DF6 /* AppState.swift in Sources */,
				1A0EFFB427CA7B37004B544C /* TextStyler.swift in Sources */,
				1ADAF7C327517C8800D8D480 /* AppDelegate.swift in Sources */,
				1A7AC43B27B64FF6006B7DF6 /* World.swift in Sources */,
				1A66E4A827C94C7700177DEF /* HomeViewController.swift in Sources */,
				1AC8543A28218E1900948232 /* SocialNetworkManeger.swift in Sources */,
				1A0EFFB627CA7B8C004B544C /* UIFont+Extensions.swift in Sources */,
				1AC8543728218A9E00948232 /* PicsiteAuthenticationKit.swift in Sources */,
				1AADE10C27E5F5BB0014A884 /* ErrorView.swift in Sources */,
				1ADAF7C527517C8800D8D480 /* SceneDelegate.swift in Sources */,
				1AD0EC0628244A5900DE489A /* StartingBottomButtonViewController.swift in Sources */,
			);
			runOnlyForDeploymentPostprocessing = 0;
		};
		1AE158FE28009A1B00F086B3 /* Sources */ = {
			isa = PBXSourcesBuildPhase;
			buildActionMask = 2147483647;
			files = (
				1A204518291686870093663B /* ForgotPasswordViewControllerTests.swift in Sources */,
				1A20451629167C960093663B /* RegisterViewControllerTests.swift in Sources */,
				1A8525542913D2C5006C7DAA /* LoginViewControllerTests.swift in Sources */,
				1AE1591B28009CEC00F086B3 /* StartingViewControllerTests.swift in Sources */,
				1A8525572913D542006C7DAA /* MockProviders.swift in Sources */,
				1AE1591928009C8600F086B3 /* BSWSnapshotTests.swift in Sources */,
			);
			runOnlyForDeploymentPostprocessing = 0;
		};
/* End PBXSourcesBuildPhase section */

/* Begin PBXTargetDependency section */
		1AE1590728009A1B00F086B3 /* PBXTargetDependency */ = {
			isa = PBXTargetDependency;
			target = 1ADAF7BE27517C8800D8D480 /* Picsite */;
			targetProxy = 1AE1590628009A1B00F086B3 /* PBXContainerItemProxy */;
		};
/* End PBXTargetDependency section */

/* Begin PBXVariantGroup section */
		1A76D09127DDEB80005EEA29 /* Localizable.strings */ = {
			isa = PBXVariantGroup;
			children = (
				1A76D09027DDEB80005EEA29 /* en */,
				1A8C9A732801734800EF4B06 /* es */,
			);
			name = Localizable.strings;
			sourceTree = "<group>";
		};
		1ADAF7CD27517C8800D8D480 /* LaunchScreen.storyboard */ = {
			isa = PBXVariantGroup;
			children = (
				1ADAF7CE27517C8800D8D480 /* Base */,
				1A8C9A722801734800EF4B06 /* es */,
			);
			name = LaunchScreen.storyboard;
			sourceTree = "<group>";
		};
/* End PBXVariantGroup section */

/* Begin XCBuildConfiguration section */
		1ADAF7E727517C8900D8D480 /* Debug */ = {
			isa = XCBuildConfiguration;
			baseConfigurationReference = 1AE7434C27DA7383007944C6 /* Develop.xcconfig */;
			buildSettings = {
				ALWAYS_SEARCH_USER_PATHS = NO;
				CLANG_ANALYZER_LOCALIZABILITY_NONLOCALIZED = YES;
				CLANG_ANALYZER_NONNULL = YES;
				CLANG_ANALYZER_NUMBER_OBJECT_CONVERSION = YES_AGGRESSIVE;
				CLANG_CXX_LANGUAGE_STANDARD = "gnu++17";
				CLANG_CXX_LIBRARY = "libc++";
				CLANG_ENABLE_MODULES = YES;
				CLANG_ENABLE_OBJC_ARC = YES;
				CLANG_ENABLE_OBJC_WEAK = YES;
				CLANG_WARN_BLOCK_CAPTURE_AUTORELEASING = YES;
				CLANG_WARN_BOOL_CONVERSION = YES;
				CLANG_WARN_COMMA = YES;
				CLANG_WARN_CONSTANT_CONVERSION = YES;
				CLANG_WARN_DEPRECATED_OBJC_IMPLEMENTATIONS = YES;
				CLANG_WARN_DIRECT_OBJC_ISA_USAGE = YES_ERROR;
				CLANG_WARN_DOCUMENTATION_COMMENTS = YES;
				CLANG_WARN_EMPTY_BODY = YES;
				CLANG_WARN_ENUM_CONVERSION = YES;
				CLANG_WARN_INFINITE_RECURSION = YES;
				CLANG_WARN_INT_CONVERSION = YES;
				CLANG_WARN_NON_LITERAL_NULL_CONVERSION = YES;
				CLANG_WARN_OBJC_IMPLICIT_RETAIN_SELF = YES;
				CLANG_WARN_OBJC_LITERAL_CONVERSION = YES;
				CLANG_WARN_OBJC_ROOT_CLASS = YES_ERROR;
				CLANG_WARN_QUOTED_INCLUDE_IN_FRAMEWORK_HEADER = YES;
				CLANG_WARN_RANGE_LOOP_ANALYSIS = YES;
				CLANG_WARN_STRICT_PROTOTYPES = YES;
				CLANG_WARN_SUSPICIOUS_MOVE = YES;
				CLANG_WARN_UNGUARDED_AVAILABILITY = YES_AGGRESSIVE;
				CLANG_WARN_UNREACHABLE_CODE = YES;
				CLANG_WARN__DUPLICATE_METHOD_MATCH = YES;
				COPY_PHASE_STRIP = NO;
				DEBUG_INFORMATION_FORMAT = dwarf;
				ENABLE_STRICT_OBJC_MSGSEND = YES;
				ENABLE_TESTABILITY = YES;
				GCC_C_LANGUAGE_STANDARD = gnu11;
				GCC_DYNAMIC_NO_PIC = NO;
				GCC_NO_COMMON_BLOCKS = YES;
				GCC_OPTIMIZATION_LEVEL = 0;
				GCC_PREPROCESSOR_DEFINITIONS = (
					"DEBUG=1",
					"$(inherited)",
				);
				GCC_WARN_64_TO_32_BIT_CONVERSION = YES;
				GCC_WARN_ABOUT_RETURN_TYPE = YES_ERROR;
				GCC_WARN_UNDECLARED_SELECTOR = YES;
				GCC_WARN_UNINITIALIZED_AUTOS = YES_AGGRESSIVE;
				GCC_WARN_UNUSED_FUNCTION = YES;
				GCC_WARN_UNUSED_VARIABLE = YES;
				IPHONEOS_DEPLOYMENT_TARGET = 15.0;
				MTL_ENABLE_DEBUG_INFO = INCLUDE_SOURCE;
				MTL_FAST_MATH = YES;
				ONLY_ACTIVE_ARCH = YES;
				SDKROOT = iphoneos;
				SWIFT_ACTIVE_COMPILATION_CONDITIONS = DEBUG;
				SWIFT_OPTIMIZATION_LEVEL = "-Onone";
			};
			name = Debug;
		};
		1ADAF7EA27517C8900D8D480 /* Debug */ = {
			isa = XCBuildConfiguration;
			baseConfigurationReference = 1AE7434C27DA7383007944C6 /* Develop.xcconfig */;
			buildSettings = {
				APP_BUNDLE_ID = "$(APP_BUNDLE_ID)";
				ASSETCATALOG_COMPILER_APPICON_NAME = AppIcon;
				ASSETCATALOG_COMPILER_GLOBAL_ACCENT_COLOR_NAME = AccentColor;
				CODE_SIGN_STYLE = Automatic;
				CURRENT_PROJECT_VERSION = 1;
				DEVELOPMENT_TEAM = Y98RBRXD5B;
				FRAMEWORK_SEARCH_PATHS = "$(inherited)";
				GENERATE_INFOPLIST_FILE = YES;
				INFOPLIST_FILE = Picsite/Info.plist;
				INFOPLIST_KEY_CFBundleDisplayName = "$(APP_NAME)";
				INFOPLIST_KEY_UIApplicationSupportsIndirectInputEvents = YES;
				INFOPLIST_KEY_UILaunchStoryboardName = LaunchScreen;
				INFOPLIST_KEY_UISupportedInterfaceOrientations = UIInterfaceOrientationPortrait;
				INFOPLIST_KEY_UISupportedInterfaceOrientations_iPad = "UIInterfaceOrientationPortrait UIInterfaceOrientationPortraitUpsideDown UIInterfaceOrientationLandscapeLeft UIInterfaceOrientationLandscapeRight";
				INFOPLIST_KEY_UISupportedInterfaceOrientations_iPhone = "UIInterfaceOrientationPortrait UIInterfaceOrientationLandscapeLeft UIInterfaceOrientationLandscapeRight";
				LD_RUNPATH_SEARCH_PATHS = (
					"$(inherited)",
					"@executable_path/Frameworks",
				);
				MARKETING_VERSION = 1.0;
				PRODUCT_BUNDLE_IDENTIFIER = "$(APP_BUNDLE_ID)";
				PRODUCT_NAME = "$(TARGET_NAME)";
				SWIFT_ACTIVE_COMPILATION_CONDITIONS = DEVELOP;
				SWIFT_EMIT_LOC_STRINGS = YES;
				SWIFT_VERSION = 5.0;
				TARGETED_DEVICE_FAMILY = "1,2";
			};
			name = Debug;
		};
		1AE1590928009A1B00F086B3 /* Debug */ = {
			isa = XCBuildConfiguration;
			buildSettings = {
				ALWAYS_SEARCH_USER_PATHS = NO;
				BUNDLE_LOADER = "$(TEST_HOST)";
				CLANG_ANALYZER_NONNULL = YES;
				CLANG_ANALYZER_NUMBER_OBJECT_CONVERSION = YES_AGGRESSIVE;
				CLANG_CXX_LANGUAGE_STANDARD = "gnu++17";
				CLANG_ENABLE_MODULES = YES;
				CLANG_ENABLE_OBJC_ARC = YES;
				CLANG_ENABLE_OBJC_WEAK = YES;
				CLANG_WARN_BLOCK_CAPTURE_AUTORELEASING = YES;
				CLANG_WARN_BOOL_CONVERSION = YES;
				CLANG_WARN_COMMA = YES;
				CLANG_WARN_CONSTANT_CONVERSION = YES;
				CLANG_WARN_DEPRECATED_OBJC_IMPLEMENTATIONS = YES;
				CLANG_WARN_DIRECT_OBJC_ISA_USAGE = YES_ERROR;
				CLANG_WARN_DOCUMENTATION_COMMENTS = YES;
				CLANG_WARN_EMPTY_BODY = YES;
				CLANG_WARN_ENUM_CONVERSION = YES;
				CLANG_WARN_INFINITE_RECURSION = YES;
				CLANG_WARN_INT_CONVERSION = YES;
				CLANG_WARN_NON_LITERAL_NULL_CONVERSION = YES;
				CLANG_WARN_OBJC_IMPLICIT_RETAIN_SELF = YES;
				CLANG_WARN_OBJC_LITERAL_CONVERSION = YES;
				CLANG_WARN_OBJC_ROOT_CLASS = YES_ERROR;
				CLANG_WARN_QUOTED_INCLUDE_IN_FRAMEWORK_HEADER = YES;
				CLANG_WARN_RANGE_LOOP_ANALYSIS = YES;
				CLANG_WARN_STRICT_PROTOTYPES = YES;
				CLANG_WARN_SUSPICIOUS_MOVE = YES;
				CLANG_WARN_UNGUARDED_AVAILABILITY = YES_AGGRESSIVE;
				CLANG_WARN_UNREACHABLE_CODE = YES;
				CLANG_WARN__DUPLICATE_METHOD_MATCH = YES;
				"CODE_SIGN_IDENTITY[sdk=macosx*]" = "Apple Development";
				CODE_SIGN_STYLE = Automatic;
				COPY_PHASE_STRIP = NO;
				CURRENT_PROJECT_VERSION = 1;
				DEBUG_INFORMATION_FORMAT = dwarf;
				DEVELOPMENT_TEAM = Y98RBRXD5B;
				ENABLE_STRICT_OBJC_MSGSEND = YES;
				ENABLE_TESTABILITY = YES;
				GCC_C_LANGUAGE_STANDARD = gnu11;
				GCC_DYNAMIC_NO_PIC = NO;
				GCC_NO_COMMON_BLOCKS = YES;
				GCC_OPTIMIZATION_LEVEL = 0;
				GCC_PREPROCESSOR_DEFINITIONS = (
					"DEBUG=1",
					"$(inherited)",
				);
				GCC_WARN_64_TO_32_BIT_CONVERSION = YES;
				GCC_WARN_ABOUT_RETURN_TYPE = YES_ERROR;
				GCC_WARN_UNDECLARED_SELECTOR = YES;
				GCC_WARN_UNINITIALIZED_AUTOS = YES_AGGRESSIVE;
				GCC_WARN_UNUSED_FUNCTION = YES;
				GCC_WARN_UNUSED_VARIABLE = YES;
				GENERATE_INFOPLIST_FILE = YES;
				IPHONEOS_DEPLOYMENT_TARGET = 15.0;
				MARKETING_VERSION = 1.0;
				MTL_ENABLE_DEBUG_INFO = INCLUDE_SOURCE;
				MTL_FAST_MATH = YES;
				ONLY_ACTIVE_ARCH = YES;
				PRODUCT_BUNDLE_IDENTIFIER = com.picsite.Tests;
				PRODUCT_NAME = "$(TARGET_NAME)";
				SDKROOT = iphoneos;
				SWIFT_ACTIVE_COMPILATION_CONDITIONS = DEBUG;
				SWIFT_EMIT_LOC_STRINGS = NO;
				SWIFT_OPTIMIZATION_LEVEL = "-Onone";
				SWIFT_VERSION = 5.0;
				TARGETED_DEVICE_FAMILY = "1,2";
				TEST_HOST = "$(BUILT_PRODUCTS_DIR)/Picsite.app/Picsite";
			};
			name = Debug;
		};
		1AE1590C28009A1B00F086B3 /* Release  */ = {
			isa = XCBuildConfiguration;
			buildSettings = {
				ALWAYS_SEARCH_USER_PATHS = NO;
				BUNDLE_LOADER = "$(TEST_HOST)";
				CLANG_ANALYZER_NONNULL = YES;
				CLANG_ANALYZER_NUMBER_OBJECT_CONVERSION = YES_AGGRESSIVE;
				CLANG_CXX_LANGUAGE_STANDARD = "gnu++17";
				CLANG_ENABLE_MODULES = YES;
				CLANG_ENABLE_OBJC_ARC = YES;
				CLANG_ENABLE_OBJC_WEAK = YES;
				CLANG_WARN_BLOCK_CAPTURE_AUTORELEASING = YES;
				CLANG_WARN_BOOL_CONVERSION = YES;
				CLANG_WARN_COMMA = YES;
				CLANG_WARN_CONSTANT_CONVERSION = YES;
				CLANG_WARN_DEPRECATED_OBJC_IMPLEMENTATIONS = YES;
				CLANG_WARN_DIRECT_OBJC_ISA_USAGE = YES_ERROR;
				CLANG_WARN_DOCUMENTATION_COMMENTS = YES;
				CLANG_WARN_EMPTY_BODY = YES;
				CLANG_WARN_ENUM_CONVERSION = YES;
				CLANG_WARN_INFINITE_RECURSION = YES;
				CLANG_WARN_INT_CONVERSION = YES;
				CLANG_WARN_NON_LITERAL_NULL_CONVERSION = YES;
				CLANG_WARN_OBJC_IMPLICIT_RETAIN_SELF = YES;
				CLANG_WARN_OBJC_LITERAL_CONVERSION = YES;
				CLANG_WARN_OBJC_ROOT_CLASS = YES_ERROR;
				CLANG_WARN_QUOTED_INCLUDE_IN_FRAMEWORK_HEADER = YES;
				CLANG_WARN_RANGE_LOOP_ANALYSIS = YES;
				CLANG_WARN_STRICT_PROTOTYPES = YES;
				CLANG_WARN_SUSPICIOUS_MOVE = YES;
				CLANG_WARN_UNGUARDED_AVAILABILITY = YES_AGGRESSIVE;
				CLANG_WARN_UNREACHABLE_CODE = YES;
				CLANG_WARN__DUPLICATE_METHOD_MATCH = YES;
				"CODE_SIGN_IDENTITY[sdk=macosx*]" = "Apple Development";
				CODE_SIGN_STYLE = Automatic;
				COPY_PHASE_STRIP = NO;
				CURRENT_PROJECT_VERSION = 1;
				DEBUG_INFORMATION_FORMAT = "dwarf-with-dsym";
				DEVELOPMENT_TEAM = Y98RBRXD5B;
				ENABLE_NS_ASSERTIONS = NO;
				ENABLE_STRICT_OBJC_MSGSEND = YES;
				GCC_C_LANGUAGE_STANDARD = gnu11;
				GCC_NO_COMMON_BLOCKS = YES;
				GCC_WARN_64_TO_32_BIT_CONVERSION = YES;
				GCC_WARN_ABOUT_RETURN_TYPE = YES_ERROR;
				GCC_WARN_UNDECLARED_SELECTOR = YES;
				GCC_WARN_UNINITIALIZED_AUTOS = YES_AGGRESSIVE;
				GCC_WARN_UNUSED_FUNCTION = YES;
				GCC_WARN_UNUSED_VARIABLE = YES;
				GENERATE_INFOPLIST_FILE = YES;
				IPHONEOS_DEPLOYMENT_TARGET = 15.0;
				MARKETING_VERSION = 1.0;
				MTL_ENABLE_DEBUG_INFO = NO;
				MTL_FAST_MATH = YES;
				PRODUCT_BUNDLE_IDENTIFIER = com.picsite.Tests;
				PRODUCT_NAME = "$(TARGET_NAME)";
				SDKROOT = iphoneos;
				SWIFT_COMPILATION_MODE = wholemodule;
				SWIFT_EMIT_LOC_STRINGS = NO;
				SWIFT_OPTIMIZATION_LEVEL = "-O";
				SWIFT_VERSION = 5.0;
				TARGETED_DEVICE_FAMILY = "1,2";
				TEST_HOST = "$(BUILT_PRODUCTS_DIR)/Picsite.app/Picsite";
				VALIDATE_PRODUCT = YES;
			};
			name = "Release ";
		};
		1AE7434827DA70DF007944C6 /* Release  */ = {
			isa = XCBuildConfiguration;
			baseConfigurationReference = 1AE7434D27DA73B3007944C6 /* AppStore.xcconfig */;
			buildSettings = {
				ALWAYS_SEARCH_USER_PATHS = NO;
				CLANG_ANALYZER_LOCALIZABILITY_NONLOCALIZED = YES;
				CLANG_ANALYZER_NONNULL = YES;
				CLANG_ANALYZER_NUMBER_OBJECT_CONVERSION = YES_AGGRESSIVE;
				CLANG_CXX_LANGUAGE_STANDARD = "gnu++17";
				CLANG_CXX_LIBRARY = "libc++";
				CLANG_ENABLE_MODULES = YES;
				CLANG_ENABLE_OBJC_ARC = YES;
				CLANG_ENABLE_OBJC_WEAK = YES;
				CLANG_WARN_BLOCK_CAPTURE_AUTORELEASING = YES;
				CLANG_WARN_BOOL_CONVERSION = YES;
				CLANG_WARN_COMMA = YES;
				CLANG_WARN_CONSTANT_CONVERSION = YES;
				CLANG_WARN_DEPRECATED_OBJC_IMPLEMENTATIONS = YES;
				CLANG_WARN_DIRECT_OBJC_ISA_USAGE = YES_ERROR;
				CLANG_WARN_DOCUMENTATION_COMMENTS = YES;
				CLANG_WARN_EMPTY_BODY = YES;
				CLANG_WARN_ENUM_CONVERSION = YES;
				CLANG_WARN_INFINITE_RECURSION = YES;
				CLANG_WARN_INT_CONVERSION = YES;
				CLANG_WARN_NON_LITERAL_NULL_CONVERSION = YES;
				CLANG_WARN_OBJC_IMPLICIT_RETAIN_SELF = YES;
				CLANG_WARN_OBJC_LITERAL_CONVERSION = YES;
				CLANG_WARN_OBJC_ROOT_CLASS = YES_ERROR;
				CLANG_WARN_QUOTED_INCLUDE_IN_FRAMEWORK_HEADER = YES;
				CLANG_WARN_RANGE_LOOP_ANALYSIS = YES;
				CLANG_WARN_STRICT_PROTOTYPES = YES;
				CLANG_WARN_SUSPICIOUS_MOVE = YES;
				CLANG_WARN_UNGUARDED_AVAILABILITY = YES_AGGRESSIVE;
				CLANG_WARN_UNREACHABLE_CODE = YES;
				CLANG_WARN__DUPLICATE_METHOD_MATCH = YES;
				COPY_PHASE_STRIP = NO;
				DEBUG_INFORMATION_FORMAT = "dwarf-with-dsym";
				ENABLE_NS_ASSERTIONS = NO;
				ENABLE_STRICT_OBJC_MSGSEND = YES;
				GCC_C_LANGUAGE_STANDARD = gnu11;
				GCC_NO_COMMON_BLOCKS = YES;
				GCC_WARN_64_TO_32_BIT_CONVERSION = YES;
				GCC_WARN_ABOUT_RETURN_TYPE = YES_ERROR;
				GCC_WARN_UNDECLARED_SELECTOR = YES;
				GCC_WARN_UNINITIALIZED_AUTOS = YES_AGGRESSIVE;
				GCC_WARN_UNUSED_FUNCTION = YES;
				GCC_WARN_UNUSED_VARIABLE = YES;
				IPHONEOS_DEPLOYMENT_TARGET = 15.0;
				MTL_ENABLE_DEBUG_INFO = NO;
				MTL_FAST_MATH = YES;
				SDKROOT = iphoneos;
				SWIFT_COMPILATION_MODE = wholemodule;
				SWIFT_OPTIMIZATION_LEVEL = "-O";
				VALIDATE_PRODUCT = YES;
			};
			name = "Release ";
		};
		1AE7434927DA70DF007944C6 /* Release  */ = {
			isa = XCBuildConfiguration;
			baseConfigurationReference = 1AE7434D27DA73B3007944C6 /* AppStore.xcconfig */;
			buildSettings = {
				APP_BUNDLE_ID = "$(APP_BUNDLE_ID)";
				ASSETCATALOG_COMPILER_APPICON_NAME = AppIcon;
				ASSETCATALOG_COMPILER_GLOBAL_ACCENT_COLOR_NAME = AccentColor;
				CODE_SIGN_STYLE = Automatic;
				CURRENT_PROJECT_VERSION = 1;
				DEVELOPMENT_TEAM = Y98RBRXD5B;
				FRAMEWORK_SEARCH_PATHS = "$(inherited)";
				GENERATE_INFOPLIST_FILE = YES;
				INFOPLIST_FILE = Picsite/Info.plist;
				INFOPLIST_KEY_CFBundleDisplayName = "$(APP_NAME)";
				INFOPLIST_KEY_UIApplicationSupportsIndirectInputEvents = YES;
				INFOPLIST_KEY_UILaunchStoryboardName = LaunchScreen;
				INFOPLIST_KEY_UISupportedInterfaceOrientations = UIInterfaceOrientationPortrait;
				INFOPLIST_KEY_UISupportedInterfaceOrientations_iPad = "UIInterfaceOrientationPortrait UIInterfaceOrientationPortraitUpsideDown UIInterfaceOrientationLandscapeLeft UIInterfaceOrientationLandscapeRight";
				INFOPLIST_KEY_UISupportedInterfaceOrientations_iPhone = "UIInterfaceOrientationPortrait UIInterfaceOrientationLandscapeLeft UIInterfaceOrientationLandscapeRight";
				LD_RUNPATH_SEARCH_PATHS = (
					"$(inherited)",
					"@executable_path/Frameworks",
				);
				MARKETING_VERSION = 1.0;
				PRODUCT_BUNDLE_IDENTIFIER = "$(APP_BUNDLE_ID)";
				PRODUCT_NAME = "$(TARGET_NAME)";
				SWIFT_ACTIVE_COMPILATION_CONDITIONS = APPSTORE;
				SWIFT_EMIT_LOC_STRINGS = YES;
				SWIFT_VERSION = 5.0;
				TARGETED_DEVICE_FAMILY = "1,2";
			};
			name = "Release ";
		};
/* End XCBuildConfiguration section */

/* Begin XCConfigurationList section */
		1ADAF7BA27517C8800D8D480 /* Build configuration list for PBXProject "Picsite" */ = {
			isa = XCConfigurationList;
			buildConfigurations = (
				1ADAF7E727517C8900D8D480 /* Debug */,
				1AE7434827DA70DF007944C6 /* Release  */,
			);
			defaultConfigurationIsVisible = 0;
			defaultConfigurationName = Debug;
		};
		1ADAF7E927517C8900D8D480 /* Build configuration list for PBXNativeTarget "Picsite" */ = {
			isa = XCConfigurationList;
			buildConfigurations = (
				1ADAF7EA27517C8900D8D480 /* Debug */,
				1AE7434927DA70DF007944C6 /* Release  */,
			);
			defaultConfigurationIsVisible = 0;
			defaultConfigurationName = Debug;
		};
		1AE1590828009A1B00F086B3 /* Build configuration list for PBXNativeTarget "Tests" */ = {
			isa = XCConfigurationList;
			buildConfigurations = (
				1AE1590928009A1B00F086B3 /* Debug */,
				1AE1590C28009A1B00F086B3 /* Release  */,
			);
			defaultConfigurationIsVisible = 0;
			defaultConfigurationName = Debug;
		};
/* End XCConfigurationList section */

/* Begin XCRemoteSwiftPackageReference section */
		1A225D4027DFF2A700BED065 /* XCRemoteSwiftPackageReference "GoogleSignIn-iOS" */ = {
			isa = XCRemoteSwiftPackageReference;
			repositoryURL = "https://github.com/google/GoogleSignIn-iOS";
			requirement = {
				kind = upToNextMajorVersion;
				minimumVersion = 6.0.0;
			};
		};
		1A7AC43D27B65C2C006B7DF6 /* XCRemoteSwiftPackageReference "BSWFoundation" */ = {
			isa = XCRemoteSwiftPackageReference;
			repositoryURL = "https://github.com/theleftbit/BSWFoundation";
			requirement = {
				kind = upToNextMajorVersion;
				minimumVersion = 5.1.1;
			};
		};
		1ADAF7F427517F7100D8D480 /* XCRemoteSwiftPackageReference "firebase-ios-sdk" */ = {
			isa = XCRemoteSwiftPackageReference;
			repositoryURL = "https://github.com/firebase/firebase-ios-sdk.git";
			requirement = {
				kind = upToNextMajorVersion;
				minimumVersion = 8.0.0;
			};
		};
		1ADAF7FF27517FF100D8D480 /* XCRemoteSwiftPackageReference "BSWInterfaceKit" */ = {
			isa = XCRemoteSwiftPackageReference;
			repositoryURL = "https://github.com/theleftbit/BSWInterfaceKit";
			requirement = {
				kind = upToNextMajorVersion;
				minimumVersion = 5.3.2;
			};
		};
		1AE1591E28009DF600F086B3 /* XCRemoteSwiftPackageReference "swift-snapshot-testing" */ = {
			isa = XCRemoteSwiftPackageReference;
			repositoryURL = "https://github.com/pointfreeco/swift-snapshot-testing.git";
			requirement = {
				branch = main;
				kind = branch;
			};
		};
/* End XCRemoteSwiftPackageReference section */

/* Begin XCSwiftPackageProductDependency section */
		1A0EFFA627CA433A004B544C /* PicsiteKit */ = {
			isa = XCSwiftPackageProductDependency;
			productName = PicsiteKit;
		};
		1A0EFFA927CA4479004B544C /* PicsiteUI */ = {
			isa = XCSwiftPackageProductDependency;
			productName = PicsiteUI;
		};
		1A225D4127DFF2A800BED065 /* GoogleSignIn */ = {
			isa = XCSwiftPackageProductDependency;
			package = 1A225D4027DFF2A700BED065 /* XCRemoteSwiftPackageReference "GoogleSignIn-iOS" */;
			productName = GoogleSignIn;
		};
		1A7AC43E27B65C2C006B7DF6 /* BSWFoundation */ = {
			isa = XCSwiftPackageProductDependency;
			package = 1A7AC43D27B65C2C006B7DF6 /* XCRemoteSwiftPackageReference "BSWFoundation" */;
			productName = BSWFoundation;
		};
		1ADAF7F527517F7100D8D480 /* FirebaseAnalyticsSwift-Beta */ = {
			isa = XCSwiftPackageProductDependency;
			package = 1ADAF7F427517F7100D8D480 /* XCRemoteSwiftPackageReference "firebase-ios-sdk" */;
			productName = "FirebaseAnalyticsSwift-Beta";
		};
		1ADAF7F727517F7100D8D480 /* FirebaseAuth */ = {
			isa = XCSwiftPackageProductDependency;
			package = 1ADAF7F427517F7100D8D480 /* XCRemoteSwiftPackageReference "firebase-ios-sdk" */;
			productName = FirebaseAuth;
		};
		1ADAF7F927517F7100D8D480 /* FirebaseDatabaseSwift-Beta */ = {
			isa = XCSwiftPackageProductDependency;
			package = 1ADAF7F427517F7100D8D480 /* XCRemoteSwiftPackageReference "firebase-ios-sdk" */;
			productName = "FirebaseDatabaseSwift-Beta";
		};
		1ADAF7FB27517F7100D8D480 /* FirebaseFirestoreSwift-Beta */ = {
			isa = XCSwiftPackageProductDependency;
			package = 1ADAF7F427517F7100D8D480 /* XCRemoteSwiftPackageReference "firebase-ios-sdk" */;
			productName = "FirebaseFirestoreSwift-Beta";
		};
		1ADAF7FD27517F7100D8D480 /* FirebaseStorageSwift-Beta */ = {
			isa = XCSwiftPackageProductDependency;
			package = 1ADAF7F427517F7100D8D480 /* XCRemoteSwiftPackageReference "firebase-ios-sdk" */;
			productName = "FirebaseStorageSwift-Beta";
		};
		1ADAF80027517FF100D8D480 /* BSWInterfaceKit */ = {
			isa = XCSwiftPackageProductDependency;
			package = 1ADAF7FF27517FF100D8D480 /* XCRemoteSwiftPackageReference "BSWInterfaceKit" */;
			productName = BSWInterfaceKit;
		};
		1AE1590D28009B7400F086B3 /* BSWInterfaceKit */ = {
			isa = XCSwiftPackageProductDependency;
			package = 1ADAF7FF27517FF100D8D480 /* XCRemoteSwiftPackageReference "BSWInterfaceKit" */;
			productName = BSWInterfaceKit;
		};
		1AE1591128009B8B00F086B3 /* BSWFoundation */ = {
			isa = XCSwiftPackageProductDependency;
			package = 1A7AC43D27B65C2C006B7DF6 /* XCRemoteSwiftPackageReference "BSWFoundation" */;
			productName = BSWFoundation;
		};
		1AE1591F28009DF600F086B3 /* SnapshotTesting */ = {
			isa = XCSwiftPackageProductDependency;
			package = 1AE1591E28009DF600F086B3 /* XCRemoteSwiftPackageReference "swift-snapshot-testing" */;
			productName = SnapshotTesting;
		};
		1AE7B3FB290DC2A30021AFE1 /* PicsiteAuthKit */ = {
			isa = XCSwiftPackageProductDependency;
			productName = PicsiteAuthKit;
		};
/* End XCSwiftPackageProductDependency section */
	};
	rootObject = 1ADAF7B727517C8800D8D480 /* Project object */;
}
