{
  "object": {
    "pins": [
      {
        "package": "BSWFoundation",
        "repositoryURL": "https://github.com/theleftbit/BSWFoundation.git",
        "state": {
          "branch": null,
          "revision": "bc6c5881adb1cacac7d69ff62d5b337fc4bd2b51",
          "version": "5.0.3"
        }
      },
      {
        "package": "Deferred",
        "repositoryURL": "https://github.com/theleftbit/Deferred.git",
        "state": {
          "branch": null,
          "revision": "8d601f0597135179a4b2f72b99fd196e6067dabe",
          "version": "4.2.1"
        }
      },
      {
        "package": "KeychainAccess",
        "repositoryURL": "https://github.com/kishikawakatsumi/KeychainAccess.git",
        "state": {
          "branch": null,
          "revision": "84e546727d66f1adc5439debad16270d0fdd04e7",
          "version": "4.2.2"
        }
      },
      {
        "package": "SnapshotTesting",
        "repositoryURL": "https://github.com/pointfreeco/swift-snapshot-testing.git",
        "state": {
          "branch": null,
          "revision": "f8a9c997c3c1dab4e216a8ec9014e23144cbab37",
          "version": "1.9.0"
        }
      }
    ]
  },
  "version": 1
}
